// !$*UTF8*$!
{
	archiveVersion = 1;
	classes = {
	};
	objectVersion = 77;
	objects = {

/* Begin PBXBuildFile section */
		05C42C83CFE30B89F3D4A9E5 /* DiagramSamples.swift in Sources */ = {isa = PBXBuildFile; fileRef = 928415AEC457CE85623EEEFC /* DiagramSamples.swift */; };
		253A6289134C23366FCD9F11 /* PrivacyInfo.xcprivacy in Resources */ = {isa = PBXBuildFile; fileRef = 8A3FF1ABD9448CD7692C42B1 /* PrivacyInfo.xcprivacy */; };
		321FD792EC092CDC0EE8A0EE /* Renderer in Resources */ = {isa = PBXBuildFile; fileRef = 2CC45DF6459061EB2B480E6E /* Renderer */; };
		882B3DCE5818AFEB2061649F /* StudioView.swift in Sources */ = {isa = PBXBuildFile; fileRef = E3D72BEE3C3241B52B539BCC /* StudioView.swift */; };
		95AEBC9819F81024F600327B /* MermaidCodeEditor.swift in Sources */ = {isa = PBXBuildFile; fileRef = AEDEECF9E9E9D245A282A847 /* MermaidCodeEditor.swift */; };
		A4186EDAE7F8F31B496ADCDB /* Assets.xcassets in Resources */ = {isa = PBXBuildFile; fileRef = C0C48617619448DF0AB92D9A /* Assets.xcassets */; };
		ADD3D2C2B804BD5184F2F272 /* HTMLShareUITests.swift in Sources */ = {isa = PBXBuildFile; fileRef = C411534DDA87CA920CF6AA2A /* HTMLShareUITests.swift */; };
		B2E97B9D54C8F264DDA10D99 /* RendererHost.swift in Sources */ = {isa = PBXBuildFile; fileRef = 7D8682A866E00E57A642FB42 /* RendererHost.swift */; };
		C8EE7E761CA0E1E561C21028 /* Theme.swift in Sources */ = {isa = PBXBuildFile; fileRef = 114A8B45321005FF3AF13396 /* Theme.swift */; };
		F22277EF1FCB699447D2404A /* FrankenMermaidApp.swift in Sources */ = {isa = PBXBuildFile; fileRef = 6F7A0BCB43FBE5B9573EC0CB /* FrankenMermaidApp.swift */; };
/* End PBXBuildFile section */

/* Begin PBXContainerItemProxy section */
		73D0912F929C44B27FF33EC6 /* PBXContainerItemProxy */ = {
			isa = PBXContainerItemProxy;
			containerPortal = 3B65434ACF05E04F26BA82E0 /* Project object */;
			proxyType = 1;
			remoteGlobalIDString = 71205DB217368F71CE5D1547;
			remoteInfo = FrankenMermaid;
		};
/* End PBXContainerItemProxy section */

/* Begin PBXFileReference section */
		10205D86068DDFD97F9D7196 /* FrankenMermaid.app */ = {isa = PBXFileReference; includeInIndex = 0; lastKnownFileType = wrapper.application; path = FrankenMermaid.app; sourceTree = BUILT_PRODUCTS_DIR; };
		114A8B45321005FF3AF13396 /* Theme.swift */ = {isa = PBXFileReference; lastKnownFileType = sourcecode.swift; path = Theme.swift; sourceTree = "<group>"; };
		2CC45DF6459061EB2B480E6E /* Renderer */ = {isa = PBXFileReference; lastKnownFileType = folder; path = Renderer; sourceTree = SOURCE_ROOT; };
		6F7A0BCB43FBE5B9573EC0CB /* FrankenMermaidApp.swift */ = {isa = PBXFileReference; lastKnownFileType = sourcecode.swift; path = FrankenMermaidApp.swift; sourceTree = "<group>"; };
		7D8682A866E00E57A642FB42 /* RendererHost.swift */ = {isa = PBXFileReference; lastKnownFileType = sourcecode.swift; path = RendererHost.swift; sourceTree = "<group>"; };
		8A3FF1ABD9448CD7692C42B1 /* PrivacyInfo.xcprivacy */ = {isa = PBXFileReference; path = PrivacyInfo.xcprivacy; sourceTree = "<group>"; };
		928415AEC457CE85623EEEFC /* DiagramSamples.swift */ = {isa = PBXFileReference; lastKnownFileType = sourcecode.swift; path = DiagramSamples.swift; sourceTree = "<group>"; };
		AEDEECF9E9E9D245A282A847 /* MermaidCodeEditor.swift */ = {isa = PBXFileReference; lastKnownFileType = sourcecode.swift; path = MermaidCodeEditor.swift; sourceTree = "<group>"; };
		C0C48617619448DF0AB92D9A /* Assets.xcassets */ = {isa = PBXFileReference; lastKnownFileType = folder.assetcatalog; path = Assets.xcassets; sourceTree = "<group>"; };
		C411534DDA87CA920CF6AA2A /* HTMLShareUITests.swift */ = {isa = PBXFileReference; lastKnownFileType = sourcecode.swift; path = HTMLShareUITests.swift; sourceTree = "<group>"; };
		E3D72BEE3C3241B52B539BCC /* StudioView.swift */ = {isa = PBXFileReference; lastKnownFileType = sourcecode.swift; path = StudioView.swift; sourceTree = "<group>"; };
		F52FC3D2BE5C3C1134F06C59 /* FrankenMermaidUITests.xctest */ = {isa = PBXFileReference; includeInIndex = 0; lastKnownFileType = wrapper.cfbundle; path = FrankenMermaidUITests.xctest; sourceTree = BUILT_PRODUCTS_DIR; };
		FE54E15D819A299BF5C0B0D7 /* Info.plist */ = {isa = PBXFileReference; lastKnownFileType = text.plist; path = Info.plist; sourceTree = "<group>"; };
/* End PBXFileReference section */

/* Begin PBXGroup section */
		8367348BE49B5D345DF4C6BD /* UITests */ = {
			isa = PBXGroup;
			children = (
				C411534DDA87CA920CF6AA2A /* HTMLShareUITests.swift */,
			);
			path = UITests;
			sourceTree = "<group>";
		};
		8806C5BF358CE88ECE2CF469 /* Sources */ = {
			isa = PBXGroup;
			children = (
				928415AEC457CE85623EEEFC /* DiagramSamples.swift */,
				6F7A0BCB43FBE5B9573EC0CB /* FrankenMermaidApp.swift */,
				FE54E15D819A299BF5C0B0D7 /* Info.plist */,
				AEDEECF9E9E9D245A282A847 /* MermaidCodeEditor.swift */,
				8A3FF1ABD9448CD7692C42B1 /* PrivacyInfo.xcprivacy */,
				7D8682A866E00E57A642FB42 /* RendererHost.swift */,
				E3D72BEE3C3241B52B539BCC /* StudioView.swift */,
				114A8B45321005FF3AF13396 /* Theme.swift */,
			);
			path = Sources;
			sourceTree = "<group>";
		};
		969D7E61D272C3C52A68D5B2 /* Products */ = {
			isa = PBXGroup;
			children = (
				10205D86068DDFD97F9D7196 /* FrankenMermaid.app */,
				F52FC3D2BE5C3C1134F06C59 /* FrankenMermaidUITests.xctest */,
			);
			name = Products;
			sourceTree = "<group>";
		};
		ABD606F8FA1D2887E0397839 = {
			isa = PBXGroup;
			children = (
				C0C48617619448DF0AB92D9A /* Assets.xcassets */,
				2CC45DF6459061EB2B480E6E /* Renderer */,
				8806C5BF358CE88ECE2CF469 /* Sources */,
				8367348BE49B5D345DF4C6BD /* UITests */,
				969D7E61D272C3C52A68D5B2 /* Products */,
			);
			sourceTree = "<group>";
		};
/* End PBXGroup section */

/* Begin PBXNativeTarget section */
		243C726C8F9B2AA0CB823177 /* FrankenMermaidUITests */ = {
			isa = PBXNativeTarget;
			buildConfigurationList = 5129A68C31D986250424DE46 /* Build configuration list for PBXNativeTarget "FrankenMermaidUITests" */;
			buildPhases = (
				E1FA5DC3DD32E776E4CDA545 /* Sources */,
			);
			buildRules = (
			);
			dependencies = (
				AEF173CDD5F79E42787CA218 /* PBXTargetDependency */,
			);
			name = FrankenMermaidUITests;
			packageProductDependencies = (
			);
			productName = FrankenMermaidUITests;
			productReference = F52FC3D2BE5C3C1134F06C59 /* FrankenMermaidUITests.xctest */;
			productType = "com.apple.product-type.bundle.ui-testing";
		};
		71205DB217368F71CE5D1547 /* FrankenMermaid */ = {
			isa = PBXNativeTarget;
			buildConfigurationList = 9BE016580D9CB9B1C8DF8650 /* Build configuration list for PBXNativeTarget "FrankenMermaid" */;
			buildPhases = (
				D629E6EE0BD68628AA94C670 /* Sources */,
				B8D941AFA2153A3C73E6B9F4 /* Resources */,
			);
			buildRules = (
			);
			dependencies = (
			);
			name = FrankenMermaid;
			packageProductDependencies = (
			);
			productName = FrankenMermaid;
			productReference = 10205D86068DDFD97F9D7196 /* FrankenMermaid.app */;
			productType = "com.apple.product-type.application";
		};
/* End PBXNativeTarget section */

/* Begin PBXProject section */
		3B65434ACF05E04F26BA82E0 /* Project object */ = {
			isa = PBXProject;
			attributes = {
				BuildIndependentTargetsInParallel = YES;
				LastUpgradeCheck = 1430;
				TargetAttributes = {
					243C726C8F9B2AA0CB823177 = {
						DevelopmentTeam = AU8V2Z6NKY;
						ProvisioningStyle = Automatic;
						TestTargetID = 71205DB217368F71CE5D1547;
					};
					71205DB217368F71CE5D1547 = {
						DevelopmentTeam = AU8V2Z6NKY;
						ProvisioningStyle = Automatic;
					};
				};
			};
			buildConfigurationList = 8149DA7482BB1930F0D5B16C /* Build configuration list for PBXProject "FrankenMermaid" */;
			developmentRegion = en;
			hasScannedForEncodings = 0;
			knownRegions = (
				Base,
				en,
			);
			mainGroup = ABD606F8FA1D2887E0397839;
			minimizedProjectReferenceProxies = 1;
			preferredProjectObjectVersion = 77;
			productRefGroup = 969D7E61D272C3C52A68D5B2 /* Products */;
			projectDirPath = "";
			projectRoot = "";
			targets = (
				71205DB217368F71CE5D1547 /* FrankenMermaid */,
				243C726C8F9B2AA0CB823177 /* FrankenMermaidUITests */,
			);
		};
/* End PBXProject section */

/* Begin PBXResourcesBuildPhase section */
		B8D941AFA2153A3C73E6B9F4 /* Resources */ = {
			isa = PBXResourcesBuildPhase;
			buildActionMask = 2147483647;
			files = (
				A4186EDAE7F8F31B496ADCDB /* Assets.xcassets in Resources */,
				253A6289134C23366FCD9F11 /* PrivacyInfo.xcprivacy in Resources */,
				321FD792EC092CDC0EE8A0EE /* Renderer in Resources */,
			);
			runOnlyForDeploymentPostprocessing = 0;
		};
/* End PBXResourcesBuildPhase section */

/* Begin PBXSourcesBuildPhase section */
		D629E6EE0BD68628AA94C670 /* Sources */ = {
			isa = PBXSourcesBuildPhase;
			buildActionMask = 2147483647;
			files = (
				05C42C83CFE30B89F3D4A9E5 /* DiagramSamples.swift in Sources */,
				F22277EF1FCB699447D2404A /* FrankenMermaidApp.swift in Sources */,
				95AEBC9819F81024F600327B /* MermaidCodeEditor.swift in Sources */,
				B2E97B9D54C8F264DDA10D99 /* RendererHost.swift in Sources */,
				882B3DCE5818AFEB2061649F /* StudioView.swift in Sources */,
				C8EE7E761CA0E1E561C21028 /* Theme.swift in Sources */,
			);
			runOnlyForDeploymentPostprocessing = 0;
		};
		E1FA5DC3DD32E776E4CDA545 /* Sources */ = {
			isa = PBXSourcesBuildPhase;
			buildActionMask = 2147483647;
			files = (
				ADD3D2C2B804BD5184F2F272 /* HTMLShareUITests.swift in Sources */,
			);
			runOnlyForDeploymentPostprocessing = 0;
		};
/* End PBXSourcesBuildPhase section */

/* Begin PBXTargetDependency section */
		AEF173CDD5F79E42787CA218 /* PBXTargetDependency */ = {
			isa = PBXTargetDependency;
			target = 71205DB217368F71CE5D1547 /* FrankenMermaid */;
			targetProxy = 73D0912F929C44B27FF33EC6 /* PBXContainerItemProxy */;
		};
/* End PBXTargetDependency section */

/* Begin XCBuildConfiguration section */
		05BB0ADAF21108BF06DDA2F6 /* Release */ = {
			isa = XCBuildConfiguration;
			buildSettings = {
				ALWAYS_SEARCH_USER_PATHS = NO;
				ASSETCATALOG_COMPILER_APPICON_NAME = AppIcon;
				CLANG_ANALYZER_NONNULL = YES;
				CLANG_ANALYZER_NUMBER_OBJECT_CONVERSION = YES_AGGRESSIVE;
				CLANG_CXX_LANGUAGE_STANDARD = "gnu++14";
				CLANG_CXX_LIBRARY = "libc++";
				CLANG_ENABLE_MODULES = YES;
				CLANG_ENABLE_OBJC_ARC = YES;
				CLANG_ENABLE_OBJC_WEAK = YES;
				CLANG_WARN_BLOCK_CAPTURE_AUTORELEASING = YES;
				CLANG_WARN_BOOL_CONVERSION = YES;
				CLANG_WARN_COMMA = YES;
				CLANG_WARN_CONSTANT_CONVERSION = YES;
				CLANG_WARN_DEPRECATED_OBJC_IMPLEMENTATIONS = YES;
				CLANG_WARN_DIRECT_OBJC_ISA_USAGE = YES_ERROR;
				CLANG_WARN_DOCUMENTATION_COMMENTS = YES;
				CLANG_WARN_EMPTY_BODY = YES;
				CLANG_WARN_ENUM_CONVERSION = YES;
				CLANG_WARN_INFINITE_RECURSION = YES;
				CLANG_WARN_INT_CONVERSION = YES;
				CLANG_WARN_NON_LITERAL_NULL_CONVERSION = YES;
				CLANG_WARN_OBJC_IMPLICIT_RETAIN_SELF = YES;
				CLANG_WARN_OBJC_LITERAL_CONVERSION = YES;
				CLANG_WARN_OBJC_ROOT_CLASS = YES_ERROR;
				CLANG_WARN_QUOTED_INCLUDE_IN_FRAMEWORK_HEADER = YES;
				CLANG_WARN_RANGE_LOOP_ANALYSIS = YES;
				CLANG_WARN_STRICT_PROTOTYPES = YES;
				CLANG_WARN_SUSPICIOUS_MOVE = YES;
				CLANG_WARN_UNGUARDED_AVAILABILITY = YES_AGGRESSIVE;
				CLANG_WARN_UNREACHABLE_CODE = YES;
				CLANG_WARN__DUPLICATE_METHOD_MATCH = YES;
				CODE_SIGN_STYLE = Automatic;
				COPY_PHASE_STRIP = NO;
				CURRENT_PROJECT_VERSION = 1;
				DEBUG_INFORMATION_FORMAT = "dwarf-with-dsym";
				DEVELOPMENT_TEAM = AU8V2Z6NKY;
				ENABLE_NS_ASSERTIONS = NO;
				ENABLE_STRICT_OBJC_MSGSEND = YES;
				"EXCLUDED_ARCHS[sdk=iphonesimulator*]" = x86_64;
				GCC_C_LANGUAGE_STANDARD = gnu11;
				GCC_NO_COMMON_BLOCKS = YES;
				GCC_WARN_64_TO_32_BIT_CONVERSION = YES;
				GCC_WARN_ABOUT_RETURN_TYPE = YES_ERROR;
				GCC_WARN_UNDECLARED_SELECTOR = YES;
				GCC_WARN_UNINITIALIZED_AUTOS = YES_AGGRESSIVE;
				GCC_WARN_UNUSED_FUNCTION = YES;
				GCC_WARN_UNUSED_VARIABLE = YES;
				IPHONEOS_DEPLOYMENT_TARGET = 17.0;
				MARKETING_VERSION = 1.0;
				MTL_ENABLE_DEBUG_INFO = NO;
				MTL_FAST_MATH = YES;
				PRODUCT_NAME = "$(TARGET_NAME)";
				SDKROOT = iphoneos;
				SWIFT_COMPILATION_MODE = wholemodule;
				SWIFT_OPTIMIZATION_LEVEL = "-O";
				SWIFT_VERSION = 5.10;
			};
			name = Release;
		};
		5A1BD8FB79713A796C8680EF /* Debug */ = {
			isa = XCBuildConfiguration;
			buildSettings = {
				ALWAYS_SEARCH_USER_PATHS = NO;
				ASSETCATALOG_COMPILER_APPICON_NAME = AppIcon;
				CLANG_ANALYZER_NONNULL = YES;
				CLANG_ANALYZER_NUMBER_OBJECT_CONVERSION = YES_AGGRESSIVE;
				CLANG_CXX_LANGUAGE_STANDARD = "gnu++14";
				CLANG_CXX_LIBRARY = "libc++";
				CLANG_ENABLE_MODULES = YES;
				CLANG_ENABLE_OBJC_ARC = YES;
				CLANG_ENABLE_OBJC_WEAK = YES;
				CLANG_WARN_BLOCK_CAPTURE_AUTORELEASING = YES;
				CLANG_WARN_BOOL_CONVERSION = YES;
				CLANG_WARN_COMMA = YES;
				CLANG_WARN_CONSTANT_CONVERSION = YES;
				CLANG_WARN_DEPRECATED_OBJC_IMPLEMENTATIONS = YES;
				CLANG_WARN_DIRECT_OBJC_ISA_USAGE = YES_ERROR;
				CLANG_WARN_DOCUMENTATION_COMMENTS = YES;
				CLANG_WARN_EMPTY_BODY = YES;
				CLANG_WARN_ENUM_CONVERSION = YES;
				CLANG_WARN_INFINITE_RECURSION = YES;
				CLANG_WARN_INT_CONVERSION = YES;
				CLANG_WARN_NON_LITERAL_NULL_CONVERSION = YES;
				CLANG_WARN_OBJC_IMPLICIT_RETAIN_SELF = YES;
				CLANG_WARN_OBJC_LITERAL_CONVERSION = YES;
				CLANG_WARN_OBJC_ROOT_CLASS = YES_ERROR;
				CLANG_WARN_QUOTED_INCLUDE_IN_FRAMEWORK_HEADER = YES;
				CLANG_WARN_RANGE_LOOP_ANALYSIS = YES;
				CLANG_WARN_STRICT_PROTOTYPES = YES;
				CLANG_WARN_SUSPICIOUS_MOVE = YES;
				CLANG_WARN_UNGUARDED_AVAILABILITY = YES_AGGRESSIVE;
				CLANG_WARN_UNREACHABLE_CODE = YES;
				CLANG_WARN__DUPLICATE_METHOD_MATCH = YES;
				CODE_SIGN_STYLE = Automatic;
				COPY_PHASE_STRIP = NO;
				CURRENT_PROJECT_VERSION = 1;
				DEBUG_INFORMATION_FORMAT = dwarf;
				DEVELOPMENT_TEAM = AU8V2Z6NKY;
				ENABLE_STRICT_OBJC_MSGSEND = YES;
				ENABLE_TESTABILITY = YES;
				"EXCLUDED_ARCHS[sdk=iphonesimulator*]" = x86_64;
				GCC_C_LANGUAGE_STANDARD = gnu11;
				GCC_DYNAMIC_NO_PIC = NO;
				GCC_NO_COMMON_BLOCKS = YES;
				GCC_OPTIMIZATION_LEVEL = 0;
				GCC_PREPROCESSOR_DEFINITIONS = (
					"$(inherited)",
					"DEBUG=1",
				);
				GCC_WARN_64_TO_32_BIT_CONVERSION = YES;
				GCC_WARN_ABOUT_RETURN_TYPE = YES_ERROR;
				GCC_WARN_UNDECLARED_SELECTOR = YES;
				GCC_WARN_UNINITIALIZED_AUTOS = YES_AGGRESSIVE;
				GCC_WARN_UNUSED_FUNCTION = YES;
				GCC_WARN_UNUSED_VARIABLE = YES;
				IPHONEOS_DEPLOYMENT_TARGET = 17.0;
				MARKETING_VERSION = 1.0;
				MTL_ENABLE_DEBUG_INFO = INCLUDE_SOURCE;
				MTL_FAST_MATH = YES;
				ONLY_ACTIVE_ARCH = YES;
				PRODUCT_NAME = "$(TARGET_NAME)";
				SDKROOT = iphoneos;
				SWIFT_ACTIVE_COMPILATION_CONDITIONS = DEBUG;
				SWIFT_OPTIMIZATION_LEVEL = "-Onone";
				SWIFT_VERSION = 5.10;
			};
			name = Debug;
		};
		7DDEB3604658A4B2167FDA6C /* Release */ = {
			isa = XCBuildConfiguration;
			buildSettings = {
				BUNDLE_LOADER = "$(TEST_HOST)";
				GENERATE_INFOPLIST_FILE = YES;
				LD_RUNPATH_SEARCH_PATHS = (
					"$(inherited)",
					"@executable_path/Frameworks",
					"@loader_path/Frameworks",
				);
				PRODUCT_BUNDLE_IDENTIFIER = com.frankenmermaid.FrankenMermaidUITests;
				SDKROOT = iphoneos;
				TARGETED_DEVICE_FAMILY = "1,2";
				TEST_TARGET_NAME = FrankenMermaid;
			};
			name = Release;
		};
		8F3D82D29E1953F1B9E7E73E /* Release */ = {
			isa = XCBuildConfiguration;
			buildSettings = {
				ASSETCATALOG_COMPILER_APPICON_NAME = AppIcon;
				CODE_SIGN_ENTITLEMENTS = FrankenMermaid.entitlements;
				CODE_SIGN_IDENTITY = "iPhone Developer";
				DERIVE_MACCATALYST_PRODUCT_BUNDLE_IDENTIFIER = NO;
				INFOPLIST_FILE = Sources/Info.plist;
				LD_RUNPATH_SEARCH_PATHS = (
					"$(inherited)",
					"@executable_path/Frameworks",
				);
				MACCATALYST_USE_NATIVE_DESIGN = YES;
				PRODUCT_BUNDLE_IDENTIFIER = com.frankenmermaid.FrankenMermaid;
				SDKROOT = iphoneos;
				SUPPORTS_MACCATALYST = YES;
				SUPPORTS_MAC_DESIGNED_FOR_IPHONE_IPAD = NO;
				TARGETED_DEVICE_FAMILY = "1,2";
			};
			name = Release;
		};
		9E5BA0F1017042FB877EDC26 /* Debug */ = {
			isa = XCBuildConfiguration;
			buildSettings = {
				BUNDLE_LOADER = "$(TEST_HOST)";
				GENERATE_INFOPLIST_FILE = YES;
				LD_RUNPATH_SEARCH_PATHS = (
					"$(inherited)",
					"@executable_path/Frameworks",
					"@loader_path/Frameworks",
				);
				PRODUCT_BUNDLE_IDENTIFIER = com.frankenmermaid.FrankenMermaidUITests;
				SDKROOT = iphoneos;
				TARGETED_DEVICE_FAMILY = "1,2";
				TEST_TARGET_NAME = FrankenMermaid;
			};
			name = Debug;
		};
		E3D6C7BB809E7703094C2537 /* Debug */ = {
			isa = XCBuildConfiguration;
			buildSettings = {
				ASSETCATALOG_COMPILER_APPICON_NAME = AppIcon;
				CODE_SIGN_ENTITLEMENTS = FrankenMermaid.entitlements;
				CODE_SIGN_IDENTITY = "iPhone Developer";
				DERIVE_MACCATALYST_PRODUCT_BUNDLE_IDENTIFIER = NO;
				INFOPLIST_FILE = Sources/Info.plist;
				LD_RUNPATH_SEARCH_PATHS = (
					"$(inherited)",
					"@executable_path/Frameworks",
				);
				MACCATALYST_USE_NATIVE_DESIGN = YES;
				PRODUCT_BUNDLE_IDENTIFIER = com.frankenmermaid.FrankenMermaid;
				SDKROOT = iphoneos;
				SUPPORTS_MACCATALYST = YES;
				SUPPORTS_MAC_DESIGNED_FOR_IPHONE_IPAD = NO;
				TARGETED_DEVICE_FAMILY = "1,2";
			};
			name = Debug;
		};
/* End XCBuildConfiguration section */

/* Begin XCConfigurationList section */
		5129A68C31D986250424DE46 /* Build configuration list for PBXNativeTarget "FrankenMermaidUITests" */ = {
			isa = XCConfigurationList;
			buildConfigurations = (
				9E5BA0F1017042FB877EDC26 /* Debug */,
				7DDEB3604658A4B2167FDA6C /* Release */,
			);
			defaultConfigurationIsVisible = 0;
			defaultConfigurationName = Debug;
		};
		8149DA7482BB1930F0D5B16C /* Build configuration list for PBXProject "FrankenMermaid" */ = {
			isa = XCConfigurationList;
			buildConfigurations = (
				5A1BD8FB79713A796C8680EF /* Debug */,
				05BB0ADAF21108BF06DDA2F6 /* Release */,
			);
			defaultConfigurationIsVisible = 0;
			defaultConfigurationName = Debug;
		};
		9BE016580D9CB9B1C8DF8650 /* Build configuration list for PBXNativeTarget "FrankenMermaid" */ = {
			isa = XCConfigurationList;
			buildConfigurations = (
				E3D6C7BB809E7703094C2537 /* Debug */,
				8F3D82D29E1953F1B9E7E73E /* Release */,
			);
			defaultConfigurationIsVisible = 0;
			defaultConfigurationName = Debug;
		};
/* End XCConfigurationList section */
	};
	rootObject = 3B65434ACF05E04F26BA82E0 /* Project object */;
}
